
Microsoft Visual Studio Solution File, Format Version 12.00
# Visual Studio Version 17
VisualStudioVersion = 17.8.34408.163
MinimumVisualStudioVersion = 10.0.40219.1
Project("{9A19103F-16F7-4668-BE54-9A1E7A4F7556}") = "Plant Problems.Core", "Plant Problems.Core\Plant Problems.Core.csproj", "{70853DD9-ECCE-430F-BC4E-AAA880E234AB}"
EndProject
Project("{9A19103F-16F7-4668-BE54-9A1E7A4F7556}") = "Plant Problems.Service", "Plant Problems.Service\Plant Problems.Service.csproj", "{E60C92BC-FA9B-432A-9EF6-4F8A2F0182DD}"
EndProject
Project("{9A19103F-16F7-4668-BE54-9A1E7A4F7556}") = "Plant Problems.Infrastructure", "Plant Problems.Infrastructure\Plant Problems.Infrastructure.csproj", "{C8CA13EC-89E3-47CB-99A5-00AB5241EDA9}"
EndProject
Project("{9A19103F-16F7-4668-BE54-9A1E7A4F7556}") = "Plant Problems.Data", "PlantProblems.Data\Plant Problems.Data.csproj", "{A01F6AB7-F1F2-4E3A-B0CB-39D755F43C2D}"
EndProject
Project("{9A19103F-16F7-4668-BE54-9A1E7A4F7556}") = "Plant Problems.API", "Plant Problems.API\Plant Problems.API.csproj", "{D7B961C8-5444-4BEF-9124-14A98A29AF33}"
EndProject
Global
	GlobalSection(SolutionConfigurationPlatforms) = preSolution
		Debug|Any CPU = Debug|Any CPU
		Release|Any CPU = Release|Any CPU
	EndGlobalSection
	GlobalSection(ProjectConfigurationPlatforms) = postSolution
		{70853DD9-ECCE-430F-BC4E-AAA880E234AB}.Debug|Any CPU.ActiveCfg = Debug|Any CPU
		{70853DD9-ECCE-430F-BC4E-AAA880E234AB}.Debug|Any CPU.Build.0 = Debug|Any CPU
		{70853DD9-ECCE-430F-BC4E-AAA880E234AB}.Release|Any CPU.ActiveCfg = Release|Any CPU
		{70853DD9-ECCE-430F-BC4E-AAA880E234AB}.Release|Any CPU.Build.0 = Release|Any CPU
		{E60C92BC-FA9B-432A-9EF6-4F8A2F0182DD}.Debug|Any CPU.ActiveCfg = Debug|Any CPU
		{E60C92BC-FA9B-432A-9EF6-4F8A2F0182DD}.Debug|Any CPU.Build.0 = Debug|Any CPU
		{E60C92BC-FA9B-432A-9EF6-4F8A2F0182DD}.Release|Any CPU.ActiveCfg = Release|Any CPU
		{E60C92BC-FA9B-432A-9EF6-4F8A2F0182DD}.Release|Any CPU.Build.0 = Release|Any CPU
		{C8CA13EC-89E3-47CB-99A5-00AB5241EDA9}.Debug|Any CPU.ActiveCfg = Debug|Any CPU
		{C8CA13EC-89E3-47CB-99A5-00AB5241EDA9}.Debug|Any CPU.Build.0 = Debug|Any CPU
		{C8CA13EC-89E3-47CB-99A5-00AB5241EDA9}.Release|Any CPU.ActiveCfg = Release|Any CPU
		{C8CA13EC-89E3-47CB-99A5-00AB5241EDA9}.Release|Any CPU.Build.0 = Release|Any CPU
		{A01F6AB7-F1F2-4E3A-B0CB-39D755F43C2D}.Debug|Any CPU.ActiveCfg = Debug|Any CPU
		{A01F6AB7-F1F2-4E3A-B0CB-39D755F43C2D}.Debug|Any CPU.Build.0 = Debug|Any CPU
		{A01F6AB7-F1F2-4E3A-B0CB-39D755F43C2D}.Release|Any CPU.ActiveCfg = Release|Any CPU
		{A01F6AB7-F1F2-4E3A-B0CB-39D755F43C2D}.Release|Any CPU.Build.0 = Release|Any CPU
		{D7B961C8-5444-4BEF-9124-14A98A29AF33}.Debug|Any CPU.ActiveCfg = Debug|Any CPU
		{D7B961C8-5444-4BEF-9124-14A98A29AF33}.Debug|Any CPU.Build.0 = Debug|Any CPU
		{D7B961C8-5444-4BEF-9124-14A98A29AF33}.Release|Any CPU.ActiveCfg = Release|Any CPU
		{D7B961C8-5444-4BEF-9124-14A98A29AF33}.Release|Any CPU.Build.0 = Release|Any CPU
	EndGlobalSection
	GlobalSection(SolutionProperties) = preSolution
		HideSolutionNode = FALSE
	EndGlobalSection
	GlobalSection(ExtensibilityGlobals) = postSolution
		SolutionGuid = {91CB37A4-B1C4-441C-B244-6478781C77D9}
	EndGlobalSection
EndGlobal
